// !$*UTF8*$!
{
	archiveVersion = 1;
	classes = {
	};
	objectVersion = 46;
	objects = {

/* Begin PBXBuildFile section */
		AB2A38CE1CD1A709005DD03A /* main.m in Sources */ = {isa = PBXBuildFile; fileRef = AB2A38CD1CD1A709005DD03A /* main.m */; };
		AB2A38D11CD1A709005DD03A /* AppDelegate.m in Sources */ = {isa = PBXBuildFile; fileRef = AB2A38D01CD1A709005DD03A /* AppDelegate.m */; };
		AB2A38D41CD1A709005DD03A /* ViewController.m in Sources */ = {isa = PBXBuildFile; fileRef = AB2A38D31CD1A709005DD03A /* ViewController.m */; };
		AB2A38D71CD1A709005DD03A /* Main.storyboard in Resources */ = {isa = PBXBuildFile; fileRef = AB2A38D51CD1A709005DD03A /* Main.storyboard */; };
		AB2A38D91CD1A709005DD03A /* Assets.xcassets in Resources */ = {isa = PBXBuildFile; fileRef = AB2A38D81CD1A709005DD03A /* Assets.xcassets */; };
		AB2A38DC1CD1A709005DD03A /* LaunchScreen.storyboard in Resources */ = {isa = PBXBuildFile; fileRef = AB2A38DA1CD1A709005DD03A /* LaunchScreen.storyboard */; };
		AB2A38E51CD1AB9B005DD03A /* FishView.m in Sources */ = {isa = PBXBuildFile; fileRef = AB2A38E41CD1AB9B005DD03A /* FishView.m */; };
		AB2A38E71CD268D0005DD03A /* RedFish.xib in Resources */ = {isa = PBXBuildFile; fileRef = AB2A38E61CD268D0005DD03A /* RedFish.xib */; };
		AB2A38EA1CDA4331005DD03A /* Person.m in Sources */ = {isa = PBXBuildFile; fileRef = AB2A38E91CDA4331005DD03A /* Person.m */; };
		AB2A38EC1CDA4606005DD03A /* Profile.xib in Resources */ = {isa = PBXBuildFile; fileRef = AB2A38EB1CDA4606005DD03A /* Profile.xib */; };
		AB2A38EF1CDA5851005DD03A /* ProfileView.m in Sources */ = {isa = PBXBuildFile; fileRef = AB2A38EE1CDA5851005DD03A /* ProfileView.m */; };
		AB2A38F11CDA7FE4005DD03A /* MutualFriend.xib in Resources */ = {isa = PBXBuildFile; fileRef = AB2A38F01CDA7FE4005DD03A /* MutualFriend.xib */; };
		AB2A38F41CDA826D005DD03A /* MutualFriendView.m in Sources */ = {isa = PBXBuildFile; fileRef = AB2A38F31CDA826D005DD03A /* MutualFriendView.m */; };
/* End PBXBuildFile section */

/* Begin PBXFileReference section */
		AB2A38C91CD1A709005DD03A /* catchbeta.app */ = {isa = PBXFileReference; explicitFileType = wrapper.application; includeInIndex = 0; path = catchbeta.app; sourceTree = BUILT_PRODUCTS_DIR; };
		AB2A38CD1CD1A709005DD03A /* main.m */ = {isa = PBXFileReference; lastKnownFileType = sourcecode.c.objc; path = main.m; sourceTree = "<group>"; };
		AB2A38CF1CD1A709005DD03A /* AppDelegate.h */ = {isa = PBXFileReference; lastKnownFileType = sourcecode.c.h; path = AppDelegate.h; sourceTree = "<group>"; };
		AB2A38D01CD1A709005DD03A /* AppDelegate.m */ = {isa = PBXFileReference; lastKnownFileType = sourcecode.c.objc; path = AppDelegate.m; sourceTree = "<group>"; };
		AB2A38D21CD1A709005DD03A /* ViewController.h */ = {isa = PBXFileReference; lastKnownFileType = sourcecode.c.h; path = ViewController.h; sourceTree = "<group>"; };
		AB2A38D31CD1A709005DD03A /* ViewController.m */ = {isa = PBXFileReference; lastKnownFileType = sourcecode.c.objc; path = ViewController.m; sourceTree = "<group>"; };
		AB2A38D61CD1A709005DD03A /* Base */ = {isa = PBXFileReference; lastKnownFileType = file.storyboard; name = Base; path = Base.lproj/Main.storyboard; sourceTree = "<group>"; };
		AB2A38D81CD1A709005DD03A /* Assets.xcassets */ = {isa = PBXFileReference; lastKnownFileType = folder.assetcatalog; path = Assets.xcassets; sourceTree = "<group>"; };
		AB2A38DB1CD1A709005DD03A /* Base */ = {isa = PBXFileReference; lastKnownFileType = file.storyboard; name = Base; path = Base.lproj/LaunchScreen.storyboard; sourceTree = "<group>"; };
		AB2A38DD1CD1A709005DD03A /* Info.plist */ = {isa = PBXFileReference; lastKnownFileType = text.plist.xml; path = Info.plist; sourceTree = "<group>"; };
		AB2A38E31CD1AB9B005DD03A /* FishView.h */ = {isa = PBXFileReference; fileEncoding = 4; lastKnownFileType = sourcecode.c.h; path = FishView.h; sourceTree = "<group>"; };
		AB2A38E41CD1AB9B005DD03A /* FishView.m */ = {isa = PBXFileReference; fileEncoding = 4; lastKnownFileType = sourcecode.c.objc; path = FishView.m; sourceTree = "<group>"; };
		AB2A38E61CD268D0005DD03A /* RedFish.xib */ = {isa = PBXFileReference; fileEncoding = 4; lastKnownFileType = file.xib; path = RedFish.xib; sourceTree = "<group>"; };
		AB2A38E81CDA4331005DD03A /* Person.h */ = {isa = PBXFileReference; fileEncoding = 4; lastKnownFileType = sourcecode.c.h; path = Person.h; sourceTree = "<group>"; };
		AB2A38E91CDA4331005DD03A /* Person.m */ = {isa = PBXFileReference; fileEncoding = 4; lastKnownFileType = sourcecode.c.objc; path = Person.m; sourceTree = "<group>"; };
		AB2A38EB1CDA4606005DD03A /* Profile.xib */ = {isa = PBXFileReference; fileEncoding = 4; lastKnownFileType = file.xib; path = Profile.xib; sourceTree = "<group>"; };
		AB2A38ED1CDA5851005DD03A /* ProfileView.h */ = {isa = PBXFileReference; fileEncoding = 4; lastKnownFileType = sourcecode.c.h; path = ProfileView.h; sourceTree = "<group>"; };
		AB2A38EE1CDA5851005DD03A /* ProfileView.m */ = {isa = PBXFileReference; fileEncoding = 4; lastKnownFileType = sourcecode.c.objc; path = ProfileView.m; sourceTree = "<group>"; };
		AB2A38F01CDA7FE4005DD03A /* MutualFriend.xib */ = {isa = PBXFileReference; fileEncoding = 4; lastKnownFileType = file.xib; path = MutualFriend.xib; sourceTree = "<group>"; };
		AB2A38F21CDA826D005DD03A /* MutualFriendView.h */ = {isa = PBXFileReference; fileEncoding = 4; lastKnownFileType = sourcecode.c.h; path = MutualFriendView.h; sourceTree = "<group>"; };
		AB2A38F31CDA826D005DD03A /* MutualFriendView.m */ = {isa = PBXFileReference; fileEncoding = 4; lastKnownFileType = sourcecode.c.objc; path = MutualFriendView.m; sourceTree = "<group>"; };
/* End PBXFileReference section */

/* Begin PBXFrameworksBuildPhase section */
		AB2A38C61CD1A709005DD03A /* Frameworks */ = {
			isa = PBXFrameworksBuildPhase;
			buildActionMask = 2147483647;
			files = (
			);
			runOnlyForDeploymentPostprocessing = 0;
		};
/* End PBXFrameworksBuildPhase section */

/* Begin PBXGroup section */
		AB2A38C01CD1A709005DD03A = {
			isa = PBXGroup;
			children = (
				AB2A38CB1CD1A709005DD03A /* catchbeta */,
				AB2A38CA1CD1A709005DD03A /* Products */,
			);
			sourceTree = "<group>";
		};
		AB2A38CA1CD1A709005DD03A /* Products */ = {
			isa = PBXGroup;
			children = (
				AB2A38C91CD1A709005DD03A /* catchbeta.app */,
			);
			name = Products;
			sourceTree = "<group>";
		};
		AB2A38CB1CD1A709005DD03A /* catchbeta */ = {
			isa = PBXGroup;
			children = (
				AB2A38CF1CD1A709005DD03A /* AppDelegate.h */,
				AB2A38D01CD1A709005DD03A /* AppDelegate.m */,
				AB2A38D21CD1A709005DD03A /* ViewController.h */,
				AB2A38D31CD1A709005DD03A /* ViewController.m */,
				AB2A38E31CD1AB9B005DD03A /* FishView.h */,
				AB2A38E41CD1AB9B005DD03A /* FishView.m */,
				AB2A38E81CDA4331005DD03A /* Person.h */,
				AB2A38E91CDA4331005DD03A /* Person.m */,
				AB2A38E61CD268D0005DD03A /* RedFish.xib */,
				AB2A38EB1CDA4606005DD03A /* Profile.xib */,
				AB2A38ED1CDA5851005DD03A /* ProfileView.h */,
				AB2A38EE1CDA5851005DD03A /* ProfileView.m */,
				AB2A38F01CDA7FE4005DD03A /* MutualFriend.xib */,
				AB2A38F21CDA826D005DD03A /* MutualFriendView.h */,
				AB2A38F31CDA826D005DD03A /* MutualFriendView.m */,
				AB2A38D51CD1A709005DD03A /* Main.storyboard */,
				AB2A38D81CD1A709005DD03A /* Assets.xcassets */,
				AB2A38DA1CD1A709005DD03A /* LaunchScreen.storyboard */,
				AB2A38DD1CD1A709005DD03A /* Info.plist */,
				AB2A38CC1CD1A709005DD03A /* Supporting Files */,
			);
			path = catchbeta;
			sourceTree = "<group>";
		};
		AB2A38CC1CD1A709005DD03A /* Supporting Files */ = {
			isa = PBXGroup;
			children = (
				AB2A38CD1CD1A709005DD03A /* main.m */,
			);
			name = "Supporting Files";
			sourceTree = "<group>";
		};
/* End PBXGroup section */

/* Begin PBXNativeTarget section */
		AB2A38C81CD1A709005DD03A /* catchbeta */ = {
			isa = PBXNativeTarget;
			buildConfigurationList = AB2A38E01CD1A709005DD03A /* Build configuration list for PBXNativeTarget "catchbeta" */;
			buildPhases = (
				AB2A38C51CD1A709005DD03A /* Sources */,
				AB2A38C61CD1A709005DD03A /* Frameworks */,
				AB2A38C71CD1A709005DD03A /* Resources */,
			);
			buildRules = (
			);
			dependencies = (
			);
			name = catchbeta;
			productName = catchbeta;
			productReference = AB2A38C91CD1A709005DD03A /* catchbeta.app */;
			productType = "com.apple.product-type.application";
		};
/* End PBXNativeTarget section */

/* Begin PBXProject section */
		AB2A38C11CD1A709005DD03A /* Project object */ = {
			isa = PBXProject;
			attributes = {
				LastUpgradeCheck = 0720;
				ORGANIZATIONNAME = Clouser;
				TargetAttributes = {
					AB2A38C81CD1A709005DD03A = {
						CreatedOnToolsVersion = 7.2.1;
					};
				};
			};
			buildConfigurationList = AB2A38C41CD1A709005DD03A /* Build configuration list for PBXProject "catchbeta" */;
			compatibilityVersion = "Xcode 3.2";
			developmentRegion = English;
			hasScannedForEncodings = 0;
			knownRegions = (
				en,
				Base,
			);
			mainGroup = AB2A38C01CD1A709005DD03A;
			productRefGroup = AB2A38CA1CD1A709005DD03A /* Products */;
			projectDirPath = "";
			projectRoot = "";
			targets = (
				AB2A38C81CD1A709005DD03A /* catchbeta */,
			);
		};
/* End PBXProject section */

/* Begin PBXResourcesBuildPhase section */
		AB2A38C71CD1A709005DD03A /* Resources */ = {
			isa = PBXResourcesBuildPhase;
			buildActionMask = 2147483647;
			files = (
				AB2A38DC1CD1A709005DD03A /* LaunchScreen.storyboard in Resources */,
				AB2A38F11CDA7FE4005DD03A /* MutualFriend.xib in Resources */,
				AB2A38E71CD268D0005DD03A /* RedFish.xib in Resources */,
				AB2A38EC1CDA4606005DD03A /* Profile.xib in Resources */,
				AB2A38D91CD1A709005DD03A /* Assets.xcassets in Resources */,
				AB2A38D71CD1A709005DD03A /* Main.storyboard in Resources */,
			);
			runOnlyForDeploymentPostprocessing = 0;
		};
/* End PBXResourcesBuildPhase section */

/* Begin PBXSourcesBuildPhase section */
		AB2A38C51CD1A709005DD03A /* Sources */ = {
			isa = PBXSourcesBuildPhase;
			buildActionMask = 2147483647;
			files = (
				AB2A38D41CD1A709005DD03A /* ViewController.m in Sources */,
				AB2A38D11CD1A709005DD03A /* AppDelegate.m in Sources */,
				AB2A38F41CDA826D005DD03A /* MutualFriendView.m in Sources */,
				AB2A38EA1CDA4331005DD03A /* Person.m in Sources */,
				AB2A38CE1CD1A709005DD03A /* main.m in Sources */,
				AB2A38EF1CDA5851005DD03A /* ProfileView.m in Sources */,
				AB2A38E51CD1AB9B005DD03A /* FishView.m in Sources */,
			);
			runOnlyForDeploymentPostprocessing = 0;
		};
/* End PBXSourcesBuildPhase section */

/* Begin PBXVariantGroup section */
		AB2A38D51CD1A709005DD03A /* Main.storyboard */ = {
			isa = PBXVariantGroup;
			children = (
				AB2A38D61CD1A709005DD03A /* Base */,
			);
			name = Main.storyboard;
			sourceTree = "<group>";
		};
		AB2A38DA1CD1A709005DD03A /* LaunchScreen.storyboard */ = {
			isa = PBXVariantGroup;
			children = (
				AB2A38DB1CD1A709005DD03A /* Base */,
			);
			name = LaunchScreen.storyboard;
			sourceTree = "<group>";
		};
/* End PBXVariantGroup section */

/* Begin XCBuildConfiguration section */
		AB2A38DE1CD1A709005DD03A /* Debug */ = {
			isa = XCBuildConfiguration;
			buildSettings = {
				ALWAYS_SEARCH_USER_PATHS = NO;
				CLANG_CXX_LANGUAGE_STANDARD = "gnu++0x";
				CLANG_CXX_LIBRARY = "libc++";
				CLANG_ENABLE_MODULES = YES;
				CLANG_ENABLE_OBJC_ARC = YES;
				CLANG_WARN_BOOL_CONVERSION = YES;
				CLANG_WARN_CONSTANT_CONVERSION = YES;
				CLANG_WARN_DIRECT_OBJC_ISA_USAGE = YES_ERROR;
				CLANG_WARN_EMPTY_BODY = YES;
				CLANG_WARN_ENUM_CONVERSION = YES;
				CLANG_WARN_INT_CONVERSION = YES;
				CLANG_WARN_OBJC_ROOT_CLASS = YES_ERROR;
				CLANG_WARN_UNREACHABLE_CODE = YES;
				CLANG_WARN__DUPLICATE_METHOD_MATCH = YES;
				"CODE_SIGN_IDENTITY[sdk=iphoneos*]" = "iPhone Developer";
				COPY_PHASE_STRIP = NO;
				DEBUG_INFORMATION_FORMAT = dwarf;
				ENABLE_STRICT_OBJC_MSGSEND = YES;
				ENABLE_TESTABILITY = YES;
				GCC_C_LANGUAGE_STANDARD = gnu99;
				GCC_DYNAMIC_NO_PIC = NO;
				GCC_NO_COMMON_BLOCKS = YES;
				GCC_OPTIMIZATION_LEVEL = 0;
				GCC_PREPROCESSOR_DEFINITIONS = (
					"DEBUG=1",
					"$(inherited)",
				);
				GCC_WARN_64_TO_32_BIT_CONVERSION = YES;
				GCC_WARN_ABOUT_RETURN_TYPE = YES_ERROR;
				GCC_WARN_UNDECLARED_SELECTOR = YES;
				GCC_WARN_UNINITIALIZED_AUTOS = YES_AGGRESSIVE;
				GCC_WARN_UNUSED_FUNCTION = YES;
				GCC_WARN_UNUSED_VARIABLE = YES;
				IPHONEOS_DEPLOYMENT_TARGET = 9.2;
				MTL_ENABLE_DEBUG_INFO = YES;
				ONLY_ACTIVE_ARCH = YES;
				SDKROOT = iphoneos;
			};
			name = Debug;
		};
		AB2A38DF1CD1A709005DD03A /* Release */ = {
			isa = XCBuildConfiguration;
			buildSettings = {
				ALWAYS_SEARCH_USER_PATHS = NO;
				CLANG_CXX_LANGUAGE_STANDARD = "gnu++0x";
				CLANG_CXX_LIBRARY = "libc++";
				CLANG_ENABLE_MODULES = YES;
				CLANG_ENABLE_OBJC_ARC = YES;
				CLANG_WARN_BOOL_CONVERSION = YES;
				CLANG_WARN_CONSTANT_CONVERSION = YES;
				CLANG_WARN_DIRECT_OBJC_ISA_USAGE = YES_ERROR;
				CLANG_WARN_EMPTY_BODY = YES;
				CLANG_WARN_ENUM_CONVERSION = YES;
				CLANG_WARN_INT_CONVERSION = YES;
				CLANG_WARN_OBJC_ROOT_CLASS = YES_ERROR;
				CLANG_WARN_UNREACHABLE_CODE = YES;
				CLANG_WARN__DUPLICATE_METHOD_MATCH = YES;
				"CODE_SIGN_IDENTITY[sdk=iphoneos*]" = "iPhone Developer";
				COPY_PHASE_STRIP = NO;
				DEBUG_INFORMATION_FORMAT = "dwarf-with-dsym";
				ENABLE_NS_ASSERTIONS = NO;
				ENABLE_STRICT_OBJC_MSGSEND = YES;
				GCC_C_LANGUAGE_STANDARD = gnu99;
				GCC_NO_COMMON_BLOCKS = YES;
				GCC_WARN_64_TO_32_BIT_CONVERSION = YES;
				GCC_WARN_ABOUT_RETURN_TYPE = YES_ERROR;
				GCC_WARN_UNDECLARED_SELECTOR = YES;
				GCC_WARN_UNINITIALIZED_AUTOS = YES_AGGRESSIVE;
				GCC_WARN_UNUSED_FUNCTION = YES;
				GCC_WARN_UNUSED_VARIABLE = YES;
				IPHONEOS_DEPLOYMENT_TARGET = 9.2;
				MTL_ENABLE_DEBUG_INFO = NO;
				SDKROOT = iphoneos;
				VALIDATE_PRODUCT = YES;
			};
			name = Release;
		};
		AB2A38E11CD1A709005DD03A /* Debug */ = {
			isa = XCBuildConfiguration;
			buildSettings = {
				ASSETCATALOG_COMPILER_APPICON_NAME = AppIcon;
				INFOPLIST_FILE = catchbeta/Info.plist;
				LD_RUNPATH_SEARCH_PATHS = "$(inherited) @executable_path/Frameworks";
				PRODUCT_BUNDLE_IDENTIFIER = "com.clouser-bubbleGod.catchbeta";
				PRODUCT_NAME = "$(TARGET_NAME)";
			};
			name = Debug;
		};
		AB2A38E21CD1A709005DD03A /* Release */ = {
			isa = XCBuildConfiguration;
			buildSettings = {
				ASSETCATALOG_COMPILER_APPICON_NAME = AppIcon;
				INFOPLIST_FILE = catchbeta/Info.plist;
				LD_RUNPATH_SEARCH_PATHS = "$(inherited) @executable_path/Frameworks";
				PRODUCT_BUNDLE_IDENTIFIER = "com.clouser-bubbleGod.catchbeta";
				PRODUCT_NAME = "$(TARGET_NAME)";
			};
			name = Release;
		};
/* End XCBuildConfiguration section */

/* Begin XCConfigurationList section */
		AB2A38C41CD1A709005DD03A /* Build configuration list for PBXProject "catchbeta" */ = {
			isa = XCConfigurationList;
			buildConfigurations = (
				AB2A38DE1CD1A709005DD03A /* Debug */,
				AB2A38DF1CD1A709005DD03A /* Release */,
			);
			defaultConfigurationIsVisible = 0;
			defaultConfigurationName = Release;
		};
		AB2A38E01CD1A709005DD03A /* Build configuration list for PBXNativeTarget "catchbeta" */ = {
			isa = XCConfigurationList;
			buildConfigurations = (
				AB2A38E11CD1A709005DD03A /* Debug */,
				AB2A38E21CD1A709005DD03A /* Release */,
			);
			defaultConfigurationIsVisible = 0;
			defaultConfigurationName = Release;
		};
/* End XCConfigurationList section */
	};
	rootObject = AB2A38C11CD1A709005DD03A /* Project object */;
}
